lockfileVersion: '9.0'

settings:
  autoInstallPeers: true
  excludeLinksFromLockfile: false

importers:

  .:
    dependencies:
      '@hono/swagger-ui':
        specifier: ^0.4.1
        version: 0.4.1(hono@4.5.8)
      '@hono/zod-openapi':
        specifier: ^0.16.0
        version: 0.16.0(hono@4.5.8)(zod@3.23.8)
      hono:
        specifier: ^4.5.8
        version: 4.5.8
    devDependencies:
      '@types/bun':
        specifier: latest
        version: 1.1.8

packages:

  '@asteasolutions/zod-to-openapi@7.1.1':
    resolution: {integrity: sha512-lF0d1gAc0lYLO9/BAGivwTwE2Sh9h6CHuDcbk5KnGBfIuAsAkDC+Fdat4dkQY3CS/zUWKHRmFEma0B7X132Ymw==}
    peerDependencies:
      zod: ^3.20.2

  '@hono/swagger-ui@0.4.1':
    resolution: {integrity: sha512-kPaJatHffeYQ3yVkHo878hCqwfapqx54FczJVJ+eRWt8J4biyVVMIdCAJb6MyA8bcnHUoTmUpPc7OJAV1VTg2g==}
    peerDependencies:
      hono: '*'

  '@hono/zod-openapi@0.16.0':
    resolution: {integrity: sha512-jTnccfMTxDmA50FZeyTDD5oNDpcYo0qPzugwMuinnEQRYHLEqOXLv+sP89KNZWCGcL3Ccl+cr5GGE4yxenozqw==}
    engines: {node: '>=16.0.0'}
    peerDependencies:
      hono: '>=4.3.6'
      zod: 3.*

  '@hono/zod-validator@0.2.2':
    resolution: {integrity: sha512-dSDxaPV70Py8wuIU2QNpoVEIOSzSXZ/6/B/h4xA7eOMz7+AarKTSGV8E6QwrdcCbBLkpqfJ4Q2TmBO0eP1tCBQ==}
    peerDependencies:
      hono: '>=3.9.0'
      zod: ^3.19.1

  '@types/bun@1.1.8':
    resolution: {integrity: sha512-PIwVFQKPviksiibobyvcWtMvMFMTj91T8dQEh9l1P3Ypr3ZuVn9w7HSr+5mTNrPqD1xpdDLEErzZPU8gqHBu6g==}

  '@types/node@20.12.14':
    resolution: {integrity: sha512-scnD59RpYD91xngrQQLGkE+6UrHUPzeKZWhhjBSa3HSkwjbQc38+q3RoIVEwxQGRw3M+j5hpNAM+lgV3cVormg==}

  '@types/ws@8.5.12':
    resolution: {integrity: sha512-3tPRkv1EtkDpzlgyKyI8pGsGZAGPEaXeu0DOj5DI25Ja91bdAYddYHbADRYVrZMRbfW+1l5YwXVDKohDJNQxkQ==}

  bun-types@1.1.26:
    resolution: {integrity: sha512-n7jDe62LsB2+WE8Q8/mT3azkPaatKlj/2MyP6hi3mKvPz9oPpB6JW/Ll6JHtNLudasFFuvfgklYSE+rreGvBjw==}

  hono@4.5.8:
    resolution: {integrity: sha512-pqpSlcdqGkpTTRpLYU1PnCz52gVr0zVR9H5GzMyJWuKQLLEBQxh96q45QizJ2PPX8NATtz2mu31/PKW/Jt+90Q==}
    engines: {node: '>=16.0.0'}

  openapi3-ts@4.3.3:
    resolution: {integrity: sha512-LKkzBGJcZ6wdvkKGMoSvpK+0cbN5Xc3XuYkJskO+vjEQWJgs1kgtyUk0pjf8KwPuysv323Er62F5P17XQl96Qg==}

  undici-types@5.26.5:
    resolution: {integrity: sha512-JlCMO+ehdEIKqlFxk6IfVoAUVmgz7cU7zD/h9XZ0qzeosSHmUJVOzSQvvYSYWXkFXC+IfLKSIffhv0sVZup6pA==}

  yaml@2.5.0:
    resolution: {integrity: sha512-2wWLbGbYDiSqqIKoPjar3MPgB94ErzCtrNE1FdqGuaO0pi2JGjmE8aW8TDZwzU7vuxcGRdL/4gPQwQ7hD5AMSw==}
    engines: {node: '>= 14'}
    hasBin: true

  zod@3.23.8:
    resolution: {integrity: sha512-XBx9AXhXktjUqnepgTiE5flcKIYWi/rme0Eaj+5Y0lftuGBq+jyRu/md4WnuxqgP1ubdpNCsYEYPxrzVHD8d6g==}

snapshots:

  '@asteasolutions/zod-to-openapi@7.1.1(zod@3.23.8)':
    dependencies:
      openapi3-ts: 4.3.3
      zod: 3.23.8

  '@hono/swagger-ui@0.4.1(hono@4.5.8)':
    dependencies:
      hono: 4.5.8

  '@hono/zod-openapi@0.16.0(hono@4.5.8)(zod@3.23.8)':
    dependencies:
      '@asteasolutions/zod-to-openapi': 7.1.1(zod@3.23.8)
      '@hono/zod-validator': 0.2.2(hono@4.5.8)(zod@3.23.8)
      hono: 4.5.8
      zod: 3.23.8

  '@hono/zod-validator@0.2.2(hono@4.5.8)(zod@3.23.8)':
    dependencies:
      hono: 4.5.8
      zod: 3.23.8

  '@types/bun@1.1.8':
    dependencies:
      bun-types: 1.1.26

  '@types/node@20.12.14':
    dependencies:
      undici-types: 5.26.5

  '@types/ws@8.5.12':
    dependencies:
      '@types/node': 20.12.14

  bun-types@1.1.26:
    dependencies:
      '@types/node': 20.12.14
      '@types/ws': 8.5.12

  hono@4.5.8: {}

  openapi3-ts@4.3.3:
    dependencies:
      yaml: 2.5.0

  undici-types@5.26.5: {}

  yaml@2.5.0: {}

  zod@3.23.8: {}
